// !$*UTF8*$!
{
	archiveVersion = 1;
	classes = {
	};
	objectVersion = 46;
	objects = {

/* Begin PBXBuildFile section */
		0D01FEACB2BC1DDA99AA30D8 /* Pods_StarWar.framework in Frameworks */ = {isa = PBXBuildFile; fileRef = A5FA357986B59B15F6E0D1CB /* Pods_StarWar.framework */; };
		0D07BEC11E18B47800400F81 /* main.m in Sources */ = {isa = PBXBuildFile; fileRef = 0D07BEC01E18B47800400F81 /* main.m */; };
		0D07BEC41E18B47800400F81 /* AppDelegate.m in Sources */ = {isa = PBXBuildFile; fileRef = 0D07BEC31E18B47800400F81 /* AppDelegate.m */; };
		0D07BEC71E18B47800400F81 /* ViewController.m in Sources */ = {isa = PBXBuildFile; fileRef = 0D07BEC61E18B47800400F81 /* ViewController.m */; };
		0D07BECA1E18B47800400F81 /* Main.storyboard in Resources */ = {isa = PBXBuildFile; fileRef = 0D07BEC81E18B47800400F81 /* Main.storyboard */; };
		0D07BECC1E18B47800400F81 /* Assets.xcassets in Resources */ = {isa = PBXBuildFile; fileRef = 0D07BECB1E18B47800400F81 /* Assets.xcassets */; };
		0D07BECF1E18B47800400F81 /* LaunchScreen.storyboard in Resources */ = {isa = PBXBuildFile; fileRef = 0D07BECD1E18B47800400F81 /* LaunchScreen.storyboard */; };
		0D07BEE91E18B59500400F81 /* Constants.m in Sources */ = {isa = PBXBuildFile; fileRef = 0D07BEE21E18B59500400F81 /* Constants.m */; };
		0D07BEEA1E18B59500400F81 /* UIViewController+Navigations.m in Sources */ = {isa = PBXBuildFile; fileRef = 0D07BEE41E18B59500400F81 /* UIViewController+Navigations.m */; };
		0D07BEEB1E18B59500400F81 /* Utils.m in Sources */ = {isa = PBXBuildFile; fileRef = 0D07BEE61E18B59500400F81 /* Utils.m */; };
		0D07BEEC1E18B59500400F81 /* Utils+DDHUI.m in Sources */ = {isa = PBXBuildFile; fileRef = 0D07BEE81E18B59500400F81 /* Utils+DDHUI.m */; };
		0D07BEF01E18B63800400F81 /* MessageManager.m in Sources */ = {isa = PBXBuildFile; fileRef = 0D07BEEE1E18B63800400F81 /* MessageManager.m */; };
		0D07BEF41E18B66900400F81 /* ApiClient.m in Sources */ = {isa = PBXBuildFile; fileRef = 0D07BEF21E18B66900400F81 /* ApiClient.m */; };
		0D07BEF81E18B75600400F81 /* Reachability.m in Sources */ = {isa = PBXBuildFile; fileRef = 0D07BEF61E18B75600400F81 /* Reachability.m */; };
		0D07BF001E18B80100400F81 /* PereferenceService.m in Sources */ = {isa = PBXBuildFile; fileRef = 0D07BEFE1E18B80100400F81 /* PereferenceService.m */; };
		0D07BF031E18B81200400F81 /* Event.m in Sources */ = {isa = PBXBuildFile; fileRef = 0D07BF021E18B81200400F81 /* Event.m */; };
		0D07BF071E18B82100400F81 /* Parser.m in Sources */ = {isa = PBXBuildFile; fileRef = 0D07BF051E18B82100400F81 /* Parser.m */; };
		0D07BF0E1E18B85F00400F81 /* HorizontalAnimator.m in Sources */ = {isa = PBXBuildFile; fileRef = 0D07BF0A1E18B85F00400F81 /* HorizontalAnimator.m */; };
		0D07BF0F1E18B85F00400F81 /* OpenPageAnimator.m in Sources */ = {isa = PBXBuildFile; fileRef = 0D07BF0C1E18B85F00400F81 /* OpenPageAnimator.m */; };
		0D07BF121E18B87500400F81 /* EventsViewModel.m in Sources */ = {isa = PBXBuildFile; fileRef = 0D07BF111E18B87500400F81 /* EventsViewModel.m */; };
		0D07BF161E18B8AB00400F81 /* NetworkService.m in Sources */ = {isa = PBXBuildFile; fileRef = 0D07BF141E18B8AB00400F81 /* NetworkService.m */; };
		0D07BF1A1E18B8B300400F81 /* CacheService.m in Sources */ = {isa = PBXBuildFile; fileRef = 0D07BF181E18B8B300400F81 /* CacheService.m */; };
		0D07BF311E18D78D00400F81 /* PersistService.m in Sources */ = {isa = PBXBuildFile; fileRef = 0D07BF301E18D78D00400F81 /* PersistService.m */; };
		0D60526F1E2032D2006BE658 /* EventCell.m in Sources */ = {isa = PBXBuildFile; fileRef = 0D60526E1E2032D2006BE658 /* EventCell.m */; };
		0D6052711E2032E3006BE658 /* EventCell.xib in Resources */ = {isa = PBXBuildFile; fileRef = 0D6052701E2032E3006BE658 /* EventCell.xib */; };
		0D60529D1E2091E6006BE658 /* EventView.m in Sources */ = {isa = PBXBuildFile; fileRef = 0D60529C1E2091E6006BE658 /* EventView.m */; };
		0D60529F1E2091F1006BE658 /* EventView.xib in Resources */ = {isa = PBXBuildFile; fileRef = 0D60529E1E2091F1006BE658 /* EventView.xib */; };
		C7D389B859F24BFB3E32F7FB /* Pods_StarWar.framework in Frameworks */ = {isa = PBXBuildFile; fileRef = 52F599E027C7F3B72AAA791E /* Pods_StarWar.framework */; };
/* End PBXBuildFile section */

/* Begin PBXFileReference section */
		0D07BEBC1E18B47800400F81 /* StarWar.app */ = {isa = PBXFileReference; explicitFileType = wrapper.application; includeInIndex = 0; path = StarWar.app; sourceTree = BUILT_PRODUCTS_DIR; };
		0D07BEC01E18B47800400F81 /* main.m */ = {isa = PBXFileReference; lastKnownFileType = sourcecode.c.objc; path = main.m; sourceTree = "<group>"; };
		0D07BEC21E18B47800400F81 /* AppDelegate.h */ = {isa = PBXFileReference; lastKnownFileType = sourcecode.c.h; path = AppDelegate.h; sourceTree = "<group>"; };
		0D07BEC31E18B47800400F81 /* AppDelegate.m */ = {isa = PBXFileReference; lastKnownFileType = sourcecode.c.objc; path = AppDelegate.m; sourceTree = "<group>"; };
		0D07BEC51E18B47800400F81 /* ViewController.h */ = {isa = PBXFileReference; lastKnownFileType = sourcecode.c.h; path = ViewController.h; sourceTree = "<group>"; };
		0D07BEC61E18B47800400F81 /* ViewController.m */ = {isa = PBXFileReference; lastKnownFileType = sourcecode.c.objc; path = ViewController.m; sourceTree = "<group>"; };
		0D07BEC91E18B47800400F81 /* Base */ = {isa = PBXFileReference; lastKnownFileType = file.storyboard; name = Base; path = Base.lproj/Main.storyboard; sourceTree = "<group>"; };
		0D07BECB1E18B47800400F81 /* Assets.xcassets */ = {isa = PBXFileReference; lastKnownFileType = folder.assetcatalog; path = Assets.xcassets; sourceTree = "<group>"; };
		0D07BECE1E18B47800400F81 /* Base */ = {isa = PBXFileReference; lastKnownFileType = file.storyboard; name = Base; path = Base.lproj/LaunchScreen.storyboard; sourceTree = "<group>"; };
		0D07BED01E18B47800400F81 /* Info.plist */ = {isa = PBXFileReference; lastKnownFileType = text.plist.xml; path = Info.plist; sourceTree = "<group>"; };
		0D07BEE11E18B59500400F81 /* Constants.h */ = {isa = PBXFileReference; fileEncoding = 4; lastKnownFileType = sourcecode.c.h; path = Constants.h; sourceTree = "<group>"; };
		0D07BEE21E18B59500400F81 /* Constants.m */ = {isa = PBXFileReference; fileEncoding = 4; lastKnownFileType = sourcecode.c.objc; path = Constants.m; sourceTree = "<group>"; };
		0D07BEE31E18B59500400F81 /* UIViewController+Navigations.h */ = {isa = PBXFileReference; fileEncoding = 4; lastKnownFileType = sourcecode.c.h; path = "UIViewController+Navigations.h"; sourceTree = "<group>"; };
		0D07BEE41E18B59500400F81 /* UIViewController+Navigations.m */ = {isa = PBXFileReference; fileEncoding = 4; lastKnownFileType = sourcecode.c.objc; path = "UIViewController+Navigations.m"; sourceTree = "<group>"; };
		0D07BEE51E18B59500400F81 /* Utils.h */ = {isa = PBXFileReference; fileEncoding = 4; lastKnownFileType = sourcecode.c.h; path = Utils.h; sourceTree = "<group>"; };
		0D07BEE61E18B59500400F81 /* Utils.m */ = {isa = PBXFileReference; fileEncoding = 4; lastKnownFileType = sourcecode.c.objc; path = Utils.m; sourceTree = "<group>"; };
		0D07BEE71E18B59500400F81 /* Utils+DDHUI.h */ = {isa = PBXFileReference; fileEncoding = 4; lastKnownFileType = sourcecode.c.h; path = "Utils+DDHUI.h"; sourceTree = "<group>"; };
		0D07BEE81E18B59500400F81 /* Utils+DDHUI.m */ = {isa = PBXFileReference; fileEncoding = 4; lastKnownFileType = sourcecode.c.objc; path = "Utils+DDHUI.m"; sourceTree = "<group>"; };
		0D07BEED1E18B63800400F81 /* MessageManager.h */ = {isa = PBXFileReference; fileEncoding = 4; lastKnownFileType = sourcecode.c.h; path = MessageManager.h; sourceTree = "<group>"; };
		0D07BEEE1E18B63800400F81 /* MessageManager.m */ = {isa = PBXFileReference; fileEncoding = 4; lastKnownFileType = sourcecode.c.objc; path = MessageManager.m; sourceTree = "<group>"; };
		0D07BEEF1E18B63800400F81 /* MessageManagerProtocol.h */ = {isa = PBXFileReference; fileEncoding = 4; lastKnownFileType = sourcecode.c.h; path = MessageManagerProtocol.h; sourceTree = "<group>"; };
		0D07BEF11E18B66900400F81 /* ApiClient.h */ = {isa = PBXFileReference; fileEncoding = 4; lastKnownFileType = sourcecode.c.h; path = ApiClient.h; sourceTree = "<group>"; };
		0D07BEF21E18B66900400F81 /* ApiClient.m */ = {isa = PBXFileReference; fileEncoding = 4; lastKnownFileType = sourcecode.c.objc; path = ApiClient.m; sourceTree = "<group>"; };
		0D07BEF31E18B66900400F81 /* ApiClientProtocol.h */ = {isa = PBXFileReference; fileEncoding = 4; lastKnownFileType = sourcecode.c.h; path = ApiClientProtocol.h; sourceTree = "<group>"; };
		0D07BEF51E18B75600400F81 /* Reachability.h */ = {isa = PBXFileReference; fileEncoding = 4; lastKnownFileType = sourcecode.c.h; path = Reachability.h; sourceTree = "<group>"; };
		0D07BEF61E18B75600400F81 /* Reachability.m */ = {isa = PBXFileReference; fileEncoding = 4; lastKnownFileType = sourcecode.c.objc; path = Reachability.m; sourceTree = "<group>"; };
		0D07BEF71E18B75600400F81 /* ReachabilityServiceProtocol.h */ = {isa = PBXFileReference; fileEncoding = 4; lastKnownFileType = sourcecode.c.h; path = ReachabilityServiceProtocol.h; sourceTree = "<group>"; };
		0D07BEFD1E18B80100400F81 /* PereferenceService.h */ = {isa = PBXFileReference; fileEncoding = 4; lastKnownFileType = sourcecode.c.h; path = PereferenceService.h; sourceTree = "<group>"; };
		0D07BEFE1E18B80100400F81 /* PereferenceService.m */ = {isa = PBXFileReference; fileEncoding = 4; lastKnownFileType = sourcecode.c.objc; path = PereferenceService.m; sourceTree = "<group>"; };
		0D07BEFF1E18B80100400F81 /* PersistenceProtocol.h */ = {isa = PBXFileReference; fileEncoding = 4; lastKnownFileType = sourcecode.c.h; path = PersistenceProtocol.h; sourceTree = "<group>"; };
		0D07BF011E18B81200400F81 /* Event.h */ = {isa = PBXFileReference; fileEncoding = 4; lastKnownFileType = sourcecode.c.h; path = Event.h; sourceTree = "<group>"; };
		0D07BF021E18B81200400F81 /* Event.m */ = {isa = PBXFileReference; fileEncoding = 4; lastKnownFileType = sourcecode.c.objc; path = Event.m; sourceTree = "<group>"; };
		0D07BF041E18B82100400F81 /* Parser.h */ = {isa = PBXFileReference; fileEncoding = 4; lastKnownFileType = sourcecode.c.h; path = Parser.h; sourceTree = "<group>"; };
		0D07BF051E18B82100400F81 /* Parser.m */ = {isa = PBXFileReference; fileEncoding = 4; lastKnownFileType = sourcecode.c.objc; path = Parser.m; sourceTree = "<group>"; };
		0D07BF061E18B82100400F81 /* ParserProtocol.h */ = {isa = PBXFileReference; fileEncoding = 4; lastKnownFileType = sourcecode.c.h; path = ParserProtocol.h; sourceTree = "<group>"; };
		0D07BF091E18B85F00400F81 /* HorizontalAnimator.h */ = {isa = PBXFileReference; fileEncoding = 4; lastKnownFileType = sourcecode.c.h; path = HorizontalAnimator.h; sourceTree = "<group>"; };
		0D07BF0A1E18B85F00400F81 /* HorizontalAnimator.m */ = {isa = PBXFileReference; fileEncoding = 4; lastKnownFileType = sourcecode.c.objc; path = HorizontalAnimator.m; sourceTree = "<group>"; };
		0D07BF0B1E18B85F00400F81 /* OpenPageAnimator.h */ = {isa = PBXFileReference; fileEncoding = 4; lastKnownFileType = sourcecode.c.h; path = OpenPageAnimator.h; sourceTree = "<group>"; };
		0D07BF0C1E18B85F00400F81 /* OpenPageAnimator.m */ = {isa = PBXFileReference; fileEncoding = 4; lastKnownFileType = sourcecode.c.objc; path = OpenPageAnimator.m; sourceTree = "<group>"; };
		0D07BF0D1E18B85F00400F81 /* OpenSourceProtocol.h */ = {isa = PBXFileReference; fileEncoding = 4; lastKnownFileType = sourcecode.c.h; path = OpenSourceProtocol.h; sourceTree = "<group>"; };
		0D07BF101E18B87500400F81 /* EventsViewModel.h */ = {isa = PBXFileReference; fileEncoding = 4; lastKnownFileType = sourcecode.c.h; path = EventsViewModel.h; sourceTree = "<group>"; };
		0D07BF111E18B87500400F81 /* EventsViewModel.m */ = {isa = PBXFileReference; fileEncoding = 4; lastKnownFileType = sourcecode.c.objc; path = EventsViewModel.m; sourceTree = "<group>"; };
		0D07BF131E18B8AB00400F81 /* NetworkService.h */ = {isa = PBXFileReference; fileEncoding = 4; lastKnownFileType = sourcecode.c.h; path = NetworkService.h; sourceTree = "<group>"; };
		0D07BF141E18B8AB00400F81 /* NetworkService.m */ = {isa = PBXFileReference; fileEncoding = 4; lastKnownFileType = sourcecode.c.objc; path = NetworkService.m; sourceTree = "<group>"; };
		0D07BF151E18B8AB00400F81 /* NetworkServiceProtocol.h */ = {isa = PBXFileReference; fileEncoding = 4; lastKnownFileType = sourcecode.c.h; path = NetworkServiceProtocol.h; sourceTree = "<group>"; };
		0D07BF171E18B8B300400F81 /* CacheService.h */ = {isa = PBXFileReference; fileEncoding = 4; lastKnownFileType = sourcecode.c.h; path = CacheService.h; sourceTree = "<group>"; };
		0D07BF181E18B8B300400F81 /* CacheService.m */ = {isa = PBXFileReference; fileEncoding = 4; lastKnownFileType = sourcecode.c.objc; path = CacheService.m; sourceTree = "<group>"; };
		0D07BF191E18B8B300400F81 /* CacheServiceProtocol.h */ = {isa = PBXFileReference; fileEncoding = 4; lastKnownFileType = sourcecode.c.h; path = CacheServiceProtocol.h; sourceTree = "<group>"; };
		0D07BF1B1E18B95A00400F81 /* StarWar-Prefix.pch */ = {isa = PBXFileReference; lastKnownFileType = sourcecode.c.h; path = "StarWar-Prefix.pch"; sourceTree = "<group>"; };
		0D07BF2F1E18D78D00400F81 /* PersistService.h */ = {isa = PBXFileReference; fileEncoding = 4; lastKnownFileType = sourcecode.c.h; path = PersistService.h; sourceTree = "<group>"; };
		0D07BF301E18D78D00400F81 /* PersistService.m */ = {isa = PBXFileReference; fileEncoding = 4; lastKnownFileType = sourcecode.c.objc; path = PersistService.m; sourceTree = "<group>"; };
		0D07BF321E18D79500400F81 /* PersistServiceProtocol.h */ = {isa = PBXFileReference; lastKnownFileType = sourcecode.c.h; path = PersistServiceProtocol.h; sourceTree = "<group>"; };
		0D60526D1E2032D2006BE658 /* EventCell.h */ = {isa = PBXFileReference; fileEncoding = 4; lastKnownFileType = sourcecode.c.h; path = EventCell.h; sourceTree = "<group>"; };
		0D60526E1E2032D2006BE658 /* EventCell.m */ = {isa = PBXFileReference; fileEncoding = 4; lastKnownFileType = sourcecode.c.objc; path = EventCell.m; sourceTree = "<group>"; };
		0D6052701E2032E3006BE658 /* EventCell.xib */ = {isa = PBXFileReference; fileEncoding = 4; lastKnownFileType = file.xib; path = EventCell.xib; sourceTree = "<group>"; };
		0D60529B1E2091E6006BE658 /* EventView.h */ = {isa = PBXFileReference; fileEncoding = 4; lastKnownFileType = sourcecode.c.h; path = EventView.h; sourceTree = "<group>"; };
		0D60529C1E2091E6006BE658 /* EventView.m */ = {isa = PBXFileReference; fileEncoding = 4; lastKnownFileType = sourcecode.c.objc; path = EventView.m; sourceTree = "<group>"; };
		0D60529E1E2091F1006BE658 /* EventView.xib */ = {isa = PBXFileReference; fileEncoding = 4; lastKnownFileType = file.xib; name = EventView.xib; path = Animators/EventView.xib; sourceTree = "<group>"; };
		3CF7E481BCCA0D7C0CFDC91E /* Pods-StarWar.debug.xcconfig */ = {isa = PBXFileReference; includeInIndex = 1; lastKnownFileType = text.xcconfig; name = "Pods-StarWar.debug.xcconfig"; path = "Pods/Target Support Files/Pods-StarWar/Pods-StarWar.debug.xcconfig"; sourceTree = "<group>"; };
		52F599E027C7F3B72AAA791E /* Pods_StarWar.framework */ = {isa = PBXFileReference; explicitFileType = wrapper.framework; includeInIndex = 0; path = Pods_StarWar.framework; sourceTree = BUILT_PRODUCTS_DIR; };
		A5FA357986B59B15F6E0D1CB /* Pods_StarWar.framework */ = {isa = PBXFileReference; explicitFileType = wrapper.framework; includeInIndex = 0; path = Pods_StarWar.framework; sourceTree = BUILT_PRODUCTS_DIR; };
		B67B0CB4D72D7955F0AB6E43 /* Pods-StarWar.release.xcconfig */ = {isa = PBXFileReference; includeInIndex = 1; lastKnownFileType = text.xcconfig; name = "Pods-StarWar.release.xcconfig"; path = "Pods/Target Support Files/Pods-StarWar/Pods-StarWar.release.xcconfig"; sourceTree = "<group>"; };
		C571555DCA8BCA8C080459DA /* Pods-StarWar.release.xcconfig */ = {isa = PBXFileReference; includeInIndex = 1; lastKnownFileType = text.xcconfig; name = "Pods-StarWar.release.xcconfig"; path = "Pods/Target Support Files/Pods-StarWar/Pods-StarWar.release.xcconfig"; sourceTree = "<group>"; };
		FA023C389888360956B59B04 /* Pods-StarWar.debug.xcconfig */ = {isa = PBXFileReference; includeInIndex = 1; lastKnownFileType = text.xcconfig; name = "Pods-StarWar.debug.xcconfig"; path = "Pods/Target Support Files/Pods-StarWar/Pods-StarWar.debug.xcconfig"; sourceTree = "<group>"; };
/* End PBXFileReference section */

/* Begin PBXFrameworksBuildPhase section */
		0D07BEB91E18B47800400F81 /* Frameworks */ = {
			isa = PBXFrameworksBuildPhase;
			buildActionMask = 2147483647;
			files = (
				C7D389B859F24BFB3E32F7FB /* Pods_StarWar.framework in Frameworks */,
				0D01FEACB2BC1DDA99AA30D8 /* Pods_StarWar.framework in Frameworks */,
			);
			runOnlyForDeploymentPostprocessing = 0;
		};
/* End PBXFrameworksBuildPhase section */

/* Begin PBXGroup section */
		04BB54EAE63A6961F76F0648 /* Frameworks */ = {
			isa = PBXGroup;
			children = (
				52F599E027C7F3B72AAA791E /* Pods_StarWar.framework */,
				A5FA357986B59B15F6E0D1CB /* Pods_StarWar.framework */,
			);
			name = Frameworks;
			sourceTree = "<group>";
		};
		0D07BEB31E18B47800400F81 = {
			isa = PBXGroup;
			children = (
				0D07BEBE1E18B47800400F81 /* StarWar */,
				0D07BEBD1E18B47800400F81 /* Products */,
				F963985E0C6A134582FC594F /* Pods */,
				04BB54EAE63A6961F76F0648 /* Frameworks */,
			);
			sourceTree = "<group>";
		};
		0D07BEBD1E18B47800400F81 /* Products */ = {
			isa = PBXGroup;
			children = (
				0D07BEBC1E18B47800400F81 /* StarWar.app */,
			);
			name = Products;
			sourceTree = "<group>";
		};
		0D07BEBE1E18B47800400F81 /* StarWar */ = {
			isa = PBXGroup;
			children = (
				0D07BEE01E18B57100400F81 /* Helpers */,
				0D07BEDB1E18B4B700400F81 /* ViewControllers */,
				0D07BEDA1E18B4B000400F81 /* Managers */,
				0D07BED91E18B4A700400F81 /* Services */,
				0D07BED81E18B4A100400F81 /* ViewModels */,
				0D07BED71E18B48900400F81 /* Models */,
				0D07BED61E18B48400400F81 /* Views */,
				0D07BEC21E18B47800400F81 /* AppDelegate.h */,
				0D07BEC31E18B47800400F81 /* AppDelegate.m */,
				0D07BEC81E18B47800400F81 /* Main.storyboard */,
				0D07BECB1E18B47800400F81 /* Assets.xcassets */,
				0D07BECD1E18B47800400F81 /* LaunchScreen.storyboard */,
				0D07BED01E18B47800400F81 /* Info.plist */,
				0D07BEBF1E18B47800400F81 /* Supporting Files */,
				0D07BF1B1E18B95A00400F81 /* StarWar-Prefix.pch */,
			);
			path = StarWar;
			sourceTree = "<group>";
		};
		0D07BEBF1E18B47800400F81 /* Supporting Files */ = {
			isa = PBXGroup;
			children = (
				0D07BEC01E18B47800400F81 /* main.m */,
			);
			name = "Supporting Files";
			sourceTree = "<group>";
		};
		0D07BED61E18B48400400F81 /* Views */ = {
			isa = PBXGroup;
			children = (
				0D07BF081E18B83600400F81 /* Animators */,
				0D60529E1E2091F1006BE658 /* EventView.xib */,
				0D60526D1E2032D2006BE658 /* EventCell.h */,
				0D60526E1E2032D2006BE658 /* EventCell.m */,
				0D6052701E2032E3006BE658 /* EventCell.xib */,
				0D60529B1E2091E6006BE658 /* EventView.h */,
				0D60529C1E2091E6006BE658 /* EventView.m */,
			);
			name = Views;
			path = ../StarWar/Views;
			sourceTree = "<group>";
		};
		0D07BED71E18B48900400F81 /* Models */ = {
			isa = PBXGroup;
			children = (
				0D07BF011E18B81200400F81 /* Event.h */,
				0D07BF021E18B81200400F81 /* Event.m */,
			);
			name = Models;
			path = ../StarWar/Models;
			sourceTree = "<group>";
		};
		0D07BED81E18B4A100400F81 /* ViewModels */ = {
			isa = PBXGroup;
			children = (
				0D07BF101E18B87500400F81 /* EventsViewModel.h */,
				0D07BF111E18B87500400F81 /* EventsViewModel.m */,
			);
			name = ViewModels;
			path = ../StarWar/ViewModels;
			sourceTree = "<group>";
		};
		0D07BED91E18B4A700400F81 /* Services */ = {
			isa = PBXGroup;
			children = (
				0D07BF321E18D79500400F81 /* PersistServiceProtocol.h */,
				0D07BF2F1E18D78D00400F81 /* PersistService.h */,
				0D07BF301E18D78D00400F81 /* PersistService.m */,
				0D07BF171E18B8B300400F81 /* CacheService.h */,
				0D07BF181E18B8B300400F81 /* CacheService.m */,
				0D07BF191E18B8B300400F81 /* CacheServiceProtocol.h */,
				0D07BF131E18B8AB00400F81 /* NetworkService.h */,
				0D07BF141E18B8AB00400F81 /* NetworkService.m */,
				0D07BF151E18B8AB00400F81 /* NetworkServiceProtocol.h */,
				0D07BF041E18B82100400F81 /* Parser.h */,
				0D07BF051E18B82100400F81 /* Parser.m */,
				0D07BF061E18B82100400F81 /* ParserProtocol.h */,
				0D07BEFD1E18B80100400F81 /* PereferenceService.h */,
				0D07BEFE1E18B80100400F81 /* PereferenceService.m */,
				0D07BEFF1E18B80100400F81 /* PersistenceProtocol.h */,
			);
			name = Services;
			path = ../StarWar/Services;
			sourceTree = "<group>";
		};
		0D07BEDA1E18B4B000400F81 /* Managers */ = {
			isa = PBXGroup;
			children = (
				0D07BEF51E18B75600400F81 /* Reachability.h */,
				0D07BEF61E18B75600400F81 /* Reachability.m */,
				0D07BEF71E18B75600400F81 /* ReachabilityServiceProtocol.h */,
				0D07BEF11E18B66900400F81 /* ApiClient.h */,
				0D07BEF21E18B66900400F81 /* ApiClient.m */,
				0D07BEF31E18B66900400F81 /* ApiClientProtocol.h */,
				0D07BEED1E18B63800400F81 /* MessageManager.h */,
				0D07BEEE1E18B63800400F81 /* MessageManager.m */,
				0D07BEEF1E18B63800400F81 /* MessageManagerProtocol.h */,
			);
			name = Managers;
			path = ../StarWar/Managers;
			sourceTree = "<group>";
		};
		0D07BEDB1E18B4B700400F81 /* ViewControllers */ = {
			isa = PBXGroup;
			children = (
				0D07BEC51E18B47800400F81 /* ViewController.h */,
				0D07BEC61E18B47800400F81 /* ViewController.m */,
			);
			name = ViewControllers;
			path = ../StarWar/Controllers;
			sourceTree = "<group>";
		};
		0D07BEE01E18B57100400F81 /* Helpers */ = {
			isa = PBXGroup;
			children = (
				0D07BEE11E18B59500400F81 /* Constants.h */,
				0D07BEE21E18B59500400F81 /* Constants.m */,
				0D07BEE31E18B59500400F81 /* UIViewController+Navigations.h */,
				0D07BEE41E18B59500400F81 /* UIViewController+Navigations.m */,
				0D07BEE51E18B59500400F81 /* Utils.h */,
				0D07BEE61E18B59500400F81 /* Utils.m */,
				0D07BEE71E18B59500400F81 /* Utils+DDHUI.h */,
				0D07BEE81E18B59500400F81 /* Utils+DDHUI.m */,
			);
			name = Helpers;
			path = ../StarWar/Helpers;
			sourceTree = "<group>";
		};
		0D07BF081E18B83600400F81 /* Animators */ = {
			isa = PBXGroup;
			children = (
				0D07BF091E18B85F00400F81 /* HorizontalAnimator.h */,
				0D07BF0A1E18B85F00400F81 /* HorizontalAnimator.m */,
				0D07BF0B1E18B85F00400F81 /* OpenPageAnimator.h */,
				0D07BF0C1E18B85F00400F81 /* OpenPageAnimator.m */,
				0D07BF0D1E18B85F00400F81 /* OpenSourceProtocol.h */,
			);
			path = Animators;
			sourceTree = "<group>";
		};
		F963985E0C6A134582FC594F /* Pods */ = {
			isa = PBXGroup;
			children = (
				3CF7E481BCCA0D7C0CFDC91E /* Pods-StarWar.debug.xcconfig */,
				C571555DCA8BCA8C080459DA /* Pods-StarWar.release.xcconfig */,
				FA023C389888360956B59B04 /* Pods-StarWar.debug.xcconfig */,
				B67B0CB4D72D7955F0AB6E43 /* Pods-StarWar.release.xcconfig */,
			);
			name = Pods;
			sourceTree = "<group>";
		};
/* End PBXGroup section */

/* Begin PBXNativeTarget section */
		0D07BEBB1E18B47800400F81 /* StarWar */ = {
			isa = PBXNativeTarget;
			buildConfigurationList = 0D07BED31E18B47800400F81 /* Build configuration list for PBXNativeTarget "StarWar" */;
			buildPhases = (
				0B2C7FF2F5833A8E20CD1234 /* [CP] Check Pods Manifest.lock */,
				0D07BEB81E18B47800400F81 /* Sources */,
				0D07BEB91E18B47800400F81 /* Frameworks */,
				0D07BEBA1E18B47800400F81 /* Resources */,
				1D3DCE76A05E4A8C8F3558BD /* [CP] Embed Pods Frameworks */,
				49B526ED4C479C934331644A /* [CP] Copy Pods Resources */,
			);
			buildRules = (
			);
			dependencies = (
			);
			name = StarWar;
			productName = StarWar;
			productReference = 0D07BEBC1E18B47800400F81 /* StarWar.app */;
			productType = "com.apple.product-type.application";
		};
/* End PBXNativeTarget section */

/* Begin PBXProject section */
		0D07BEB41E18B47800400F81 /* Project object */ = {
			isa = PBXProject;
			attributes = {
				LastUpgradeCheck = 0820;
				ORGANIZATIONNAME = "Sida Wang";
				TargetAttributes = {
					0D07BEBB1E18B47800400F81 = {
						CreatedOnToolsVersion = 8.2.1;
						DevelopmentTeam = 9MKJC68VMT;
						ProvisioningStyle = Automatic;
					};
				};
			};
			buildConfigurationList = 0D07BEB71E18B47800400F81 /* Build configuration list for PBXProject "StarWar" */;
			compatibilityVersion = "Xcode 3.2";
			developmentRegion = English;
			hasScannedForEncodings = 0;
			knownRegions = (
				en,
				Base,
			);
			mainGroup = 0D07BEB31E18B47800400F81;
			productRefGroup = 0D07BEBD1E18B47800400F81 /* Products */;
			projectDirPath = "";
			projectRoot = "";
			targets = (
				0D07BEBB1E18B47800400F81 /* StarWar */,
			);
		};
/* End PBXProject section */

/* Begin PBXResourcesBuildPhase section */
		0D07BEBA1E18B47800400F81 /* Resources */ = {
			isa = PBXResourcesBuildPhase;
			buildActionMask = 2147483647;
			files = (
				0D6052711E2032E3006BE658 /* EventCell.xib in Resources */,
				0D60529F1E2091F1006BE658 /* EventView.xib in Resources */,
				0D07BECF1E18B47800400F81 /* LaunchScreen.storyboard in Resources */,
				0D07BECC1E18B47800400F81 /* Assets.xcassets in Resources */,
				0D07BECA1E18B47800400F81 /* Main.storyboard in Resources */,
			);
			runOnlyForDeploymentPostprocessing = 0;
		};
/* End PBXResourcesBuildPhase section */

/* Begin PBXShellScriptBuildPhase section */
		0B2C7FF2F5833A8E20CD1234 /* [CP] Check Pods Manifest.lock */ = {
			isa = PBXShellScriptBuildPhase;
			buildActionMask = 2147483647;
			files = (
			);
			inputPaths = (
			);
			name = "[CP] Check Pods Manifest.lock";
			outputPaths = (
			);
			runOnlyForDeploymentPostprocessing = 0;
			shellPath = /bin/sh;
			shellScript = "diff \"${PODS_ROOT}/../Podfile.lock\" \"${PODS_ROOT}/Manifest.lock\" > /dev/null\nif [ $? != 0 ] ; then\n    # print error to STDERR\n    echo \"error: The sandbox is not in sync with the Podfile.lock. Run 'pod install' or update your CocoaPods installation.\" >&2\n    exit 1\nfi\n";
			showEnvVarsInLog = 0;
		};
		1D3DCE76A05E4A8C8F3558BD /* [CP] Embed Pods Frameworks */ = {
			isa = PBXShellScriptBuildPhase;
			buildActionMask = 2147483647;
			files = (
			);
			inputPaths = (
			);
			name = "[CP] Embed Pods Frameworks";
			outputPaths = (
			);
			runOnlyForDeploymentPostprocessing = 0;
			shellPath = /bin/sh;
			shellScript = "\"${SRCROOT}/Pods/Target Support Files/Pods-StarWar/Pods-StarWar-frameworks.sh\"\n";
			showEnvVarsInLog = 0;
		};
		49B526ED4C479C934331644A /* [CP] Copy Pods Resources */ = {
			isa = PBXShellScriptBuildPhase;
			buildActionMask = 2147483647;
			files = (
			);
			inputPaths = (
			);
			name = "[CP] Copy Pods Resources";
			outputPaths = (
			);
			runOnlyForDeploymentPostprocessing = 0;
			shellPath = /bin/sh;
			shellScript = "\"${SRCROOT}/Pods/Target Support Files/Pods-StarWar/Pods-StarWar-resources.sh\"\n";
			showEnvVarsInLog = 0;
		};
/* End PBXShellScriptBuildPhase section */

/* Begin PBXSourcesBuildPhase section */
		0D07BEB81E18B47800400F81 /* Sources */ = {
			isa = PBXSourcesBuildPhase;
			buildActionMask = 2147483647;
			files = (
				0D07BF031E18B81200400F81 /* Event.m in Sources */,
				0D07BF001E18B80100400F81 /* PereferenceService.m in Sources */,
				0D07BEF41E18B66900400F81 /* ApiClient.m in Sources */,
				0D07BF071E18B82100400F81 /* Parser.m in Sources */,
				0D07BF161E18B8AB00400F81 /* NetworkService.m in Sources */,
				0D07BF311E18D78D00400F81 /* PersistService.m in Sources */,
				0D07BEC71E18B47800400F81 /* ViewController.m in Sources */,
				0D60529D1E2091E6006BE658 /* EventView.m in Sources */,
				0D07BF121E18B87500400F81 /* EventsViewModel.m in Sources */,
				0D07BEC41E18B47800400F81 /* AppDelegate.m in Sources */,
				0D07BF0E1E18B85F00400F81 /* HorizontalAnimator.m in Sources */,
				0D07BEEC1E18B59500400F81 /* Utils+DDHUI.m in Sources */,
				0D07BEF81E18B75600400F81 /* Reachability.m in Sources */,
				0D07BEF01E18B63800400F81 /* MessageManager.m in Sources */,
				0D07BEC11E18B47800400F81 /* main.m in Sources */,
				0D07BEE91E18B59500400F81 /* Constants.m in Sources */,
				0D07BF1A1E18B8B300400F81 /* CacheService.m in Sources */,
				0D60526F1E2032D2006BE658 /* EventCell.m in Sources */,
				0D07BEEA1E18B59500400F81 /* UIViewController+Navigations.m in Sources */,
				0D07BEEB1E18B59500400F81 /* Utils.m in Sources */,
				0D07BF0F1E18B85F00400F81 /* OpenPageAnimator.m in Sources */,
			);
			runOnlyForDeploymentPostprocessing = 0;
		};
/* End PBXSourcesBuildPhase section */

/* Begin PBXVariantGroup section */
		0D07BEC81E18B47800400F81 /* Main.storyboard */ = {
			isa = PBXVariantGroup;
			children = (
				0D07BEC91E18B47800400F81 /* Base */,
			);
			name = Main.storyboard;
			sourceTree = "<group>";
		};
		0D07BECD1E18B47800400F81 /* LaunchScreen.storyboard */ = {
			isa = PBXVariantGroup;
			children = (
				0D07BECE1E18B47800400F81 /* Base */,
			);
			name = LaunchScreen.storyboard;
			sourceTree = "<group>";
		};
/* End PBXVariantGroup section */

/* Begin XCBuildConfiguration section */
		0D07BED11E18B47800400F81 /* Debug */ = {
			isa = XCBuildConfiguration;
			buildSettings = {
				ALWAYS_SEARCH_USER_PATHS = NO;
				CLANG_ANALYZER_NONNULL = YES;
				CLANG_CXX_LANGUAGE_STANDARD = "gnu++0x";
				CLANG_CXX_LIBRARY = "libc++";
				CLANG_ENABLE_MODULES = YES;
				CLANG_ENABLE_OBJC_ARC = YES;
				CLANG_WARN_BOOL_CONVERSION = YES;
				CLANG_WARN_CONSTANT_CONVERSION = YES;
				CLANG_WARN_DIRECT_OBJC_ISA_USAGE = YES_ERROR;
				CLANG_WARN_DOCUMENTATION_COMMENTS = YES;
				CLANG_WARN_EMPTY_BODY = YES;
				CLANG_WARN_ENUM_CONVERSION = YES;
				CLANG_WARN_INFINITE_RECURSION = YES;
				CLANG_WARN_INT_CONVERSION = YES;
				CLANG_WARN_OBJC_ROOT_CLASS = YES_ERROR;
				CLANG_WARN_SUSPICIOUS_MOVE = YES;
				CLANG_WARN_UNREACHABLE_CODE = YES;
				CLANG_WARN__DUPLICATE_METHOD_MATCH = YES;
				"CODE_SIGN_IDENTITY[sdk=iphoneos*]" = "iPhone Developer";
				COPY_PHASE_STRIP = NO;
				DEBUG_INFORMATION_FORMAT = dwarf;
				ENABLE_STRICT_OBJC_MSGSEND = YES;
				ENABLE_TESTABILITY = YES;
				GCC_C_LANGUAGE_STANDARD = gnu99;
				GCC_DYNAMIC_NO_PIC = NO;
				GCC_NO_COMMON_BLOCKS = YES;
				GCC_OPTIMIZATION_LEVEL = 0;
				GCC_PREPROCESSOR_DEFINITIONS = (
					"DEBUG=1",
					"$(inherited)",
				);
				GCC_WARN_64_TO_32_BIT_CONVERSION = YES;
				GCC_WARN_ABOUT_RETURN_TYPE = YES_ERROR;
				GCC_WARN_UNDECLARED_SELECTOR = YES;
				GCC_WARN_UNINITIALIZED_AUTOS = YES_AGGRESSIVE;
				GCC_WARN_UNUSED_FUNCTION = YES;
				GCC_WARN_UNUSED_VARIABLE = YES;
				IPHONEOS_DEPLOYMENT_TARGET = 10.2;
				MTL_ENABLE_DEBUG_INFO = YES;
				ONLY_ACTIVE_ARCH = YES;
				SDKROOT = iphoneos;
				TARGETED_DEVICE_FAMILY = "1,2";
			};
			name = Debug;
		};
		0D07BED21E18B47800400F81 /* Release */ = {
			isa = XCBuildConfiguration;
			buildSettings = {
				ALWAYS_SEARCH_USER_PATHS = NO;
				CLANG_ANALYZER_NONNULL = YES;
				CLANG_CXX_LANGUAGE_STANDARD = "gnu++0x";
				CLANG_CXX_LIBRARY = "libc++";
				CLANG_ENABLE_MODULES = YES;
				CLANG_ENABLE_OBJC_ARC = YES;
				CLANG_WARN_BOOL_CONVERSION = YES;
				CLANG_WARN_CONSTANT_CONVERSION = YES;
				CLANG_WARN_DIRECT_OBJC_ISA_USAGE = YES_ERROR;
				CLANG_WARN_DOCUMENTATION_COMMENTS = YES;
				CLANG_WARN_EMPTY_BODY = YES;
				CLANG_WARN_ENUM_CONVERSION = YES;
				CLANG_WARN_INFINITE_RECURSION = YES;
				CLANG_WARN_INT_CONVERSION = YES;
				CLANG_WARN_OBJC_ROOT_CLASS = YES_ERROR;
				CLANG_WARN_SUSPICIOUS_MOVE = YES;
				CLANG_WARN_UNREACHABLE_CODE = YES;
				CLANG_WARN__DUPLICATE_METHOD_MATCH = YES;
				"CODE_SIGN_IDENTITY[sdk=iphoneos*]" = "iPhone Developer";
				COPY_PHASE_STRIP = NO;
				DEBUG_INFORMATION_FORMAT = "dwarf-with-dsym";
				ENABLE_NS_ASSERTIONS = NO;
				ENABLE_STRICT_OBJC_MSGSEND = YES;
				GCC_C_LANGUAGE_STANDARD = gnu99;
				GCC_NO_COMMON_BLOCKS = YES;
				GCC_WARN_64_TO_32_BIT_CONVERSION = YES;
				GCC_WARN_ABOUT_RETURN_TYPE = YES_ERROR;
				GCC_WARN_UNDECLARED_SELECTOR = YES;
				GCC_WARN_UNINITIALIZED_AUTOS = YES_AGGRESSIVE;
				GCC_WARN_UNUSED_FUNCTION = YES;
				GCC_WARN_UNUSED_VARIABLE = YES;
				IPHONEOS_DEPLOYMENT_TARGET = 10.2;
				MTL_ENABLE_DEBUG_INFO = NO;
				SDKROOT = iphoneos;
				TARGETED_DEVICE_FAMILY = "1,2";
				VALIDATE_PRODUCT = YES;
			};
			name = Release;
		};
		0D07BED41E18B47800400F81 /* Debug */ = {
			isa = XCBuildConfiguration;
			baseConfigurationReference = FA023C389888360956B59B04 /* Pods-StarWar.debug.xcconfig */;
			buildSettings = {
				ASSETCATALOG_COMPILER_APPICON_NAME = AppIcon;
				DEVELOPMENT_TEAM = 9MKJC68VMT;
				GCC_PRECOMPILE_PREFIX_HEADER = YES;
				GCC_PREFIX_HEADER = "$(SRCROOT)/$(PROJECT_NAME)/StarWar-Prefix.pch";
				INFOPLIST_FILE = StarWar/Info.plist;
				IPHONEOS_DEPLOYMENT_TARGET = 8.0;
				LD_RUNPATH_SEARCH_PATHS = "$(inherited) @executable_path/Frameworks";
				PRODUCT_BUNDLE_IDENTIFIER = com.maxsida.StarWar;
				PRODUCT_NAME = "$(TARGET_NAME)";
			};
			name = Debug;
		};
		0D07BED51E18B47800400F81 /* Release */ = {
			isa = XCBuildConfiguration;
			baseConfigurationReference = B67B0CB4D72D7955F0AB6E43 /* Pods-StarWar.release.xcconfig */;
			buildSettings = {
				ASSETCATALOG_COMPILER_APPICON_NAME = AppIcon;
				DEVELOPMENT_TEAM = 9MKJC68VMT;
				GCC_PRECOMPILE_PREFIX_HEADER = YES;
				GCC_PREFIX_HEADER = "$(SRCROOT)/$(PROJECT_NAME)/StarWar-Prefix.pch";
				INFOPLIST_FILE = StarWar/Info.plist;
				IPHONEOS_DEPLOYMENT_TARGET = 8.0;
				LD_RUNPATH_SEARCH_PATHS = "$(inherited) @executable_path/Frameworks";
				PRODUCT_BUNDLE_IDENTIFIER = com.maxsida.StarWar;
				PRODUCT_NAME = "$(TARGET_NAME)";
			};
			name = Release;
		};
/* End XCBuildConfiguration section */

/* Begin XCConfigurationList section */
		0D07BEB71E18B47800400F81 /* Build configuration list for PBXProject "StarWar" */ = {
			isa = XCConfigurationList;
			buildConfigurations = (
				0D07BED11E18B47800400F81 /* Debug */,
				0D07BED21E18B47800400F81 /* Release */,
			);
			defaultConfigurationIsVisible = 0;
			defaultConfigurationName = Release;
		};
		0D07BED31E18B47800400F81 /* Build configuration list for PBXNativeTarget "StarWar" */ = {
			isa = XCConfigurationList;
			buildConfigurations = (
				0D07BED41E18B47800400F81 /* Debug */,
				0D07BED51E18B47800400F81 /* Release */,
			);
			defaultConfigurationIsVisible = 0;
			defaultConfigurationName = Release;
		};
/* End XCConfigurationList section */
	};
	rootObject = 0D07BEB41E18B47800400F81 /* Project object */;
}
